
Microsoft Visual Studio Solution File, Format Version 12.00
# Visual Studio Version 16
VisualStudioVersion = 16.0.31205.134
MinimumVisualStudioVersion = 10.0.40219.1
Project("{9A19103F-16F7-4668-BE54-9A1E7A4F7556}") = "BitsExtensions", "src\BitsExtensions.csproj", "{F09C5A05-22A0-4EDF-8509-FCB3589F631C}"
EndProject
Project("{9A19103F-16F7-4668-BE54-9A1E7A4F7556}") = "BitsExtensionsSandbox", "sandbox\BitsExtensionsSandbox.csproj", "{5217F5FC-C358-4789-ACB7-4569C1A796F9}"
EndProject
Global
	GlobalSection(SolutionConfigurationPlatforms) = preSolution
		Debug|Any CPU = Debug|Any CPU
		Release|Any CPU = Release|Any CPU
	EndGlobalSection
	GlobalSection(ProjectConfigurationPlatforms) = postSolution
		{F09C5A05-22A0-4EDF-8509-FCB3589F631C}.Debug|Any CPU.ActiveCfg = Debug|Any CPU
		{F09C5A05-22A0-4EDF-8509-FCB3589F631C}.Debug|Any CPU.Build.0 = Debug|Any CPU
		{F09C5A05-22A0-4EDF-8509-FCB3589F631C}.Release|Any CPU.ActiveCfg = Release|Any CPU
		{F09C5A05-22A0-4EDF-8509-FCB3589F631C}.Release|Any CPU.Build.0 = Release|Any CPU
		{5217F5FC-C358-4789-ACB7-4569C1A796F9}.Debug|Any CPU.ActiveCfg = Debug|Any CPU
		{5217F5FC-C358-4789-ACB7-4569C1A796F9}.Debug|Any CPU.Build.0 = Debug|Any CPU
		{5217F5FC-C358-4789-ACB7-4569C1A796F9}.Release|Any CPU.ActiveCfg = Release|Any CPU
		{5217F5FC-C358-4789-ACB7-4569C1A796F9}.Release|Any CPU.Build.0 = Release|Any CPU
	EndGlobalSection
	GlobalSection(SolutionProperties) = preSolution
		HideSolutionNode = FALSE
	EndGlobalSection
	GlobalSection(ExtensibilityGlobals) = postSolution
		SolutionGuid = {BB99DDC2-B2E5-4F4A-A36D-4D0C5EA078BC}
	EndGlobalSection
EndGlobal
